{
  "requires": true,
  "lockfileVersion": 1,
  "dependencies": {
    "smallest": {
      "version": "1.0.1",
      "resolved": "https://registry.npmjs.org/smallest/-/smallest-1.0.1.tgz",
      "integrity": "sha1-Wd3uE1RpEbIXfzavYahmvzs7+4E=",
      "requires": {
        "to-array": "~0.1.4"
      }
    },
    "to-array": {
      "version": "0.1.4",
      "resolved": "https://registry.npmjs.org/to-array/-/to-array-0.1.4.tgz",
      "integrity": "sha1-F+bBH3PdTz10zaek/zI46a2b+JA="
    }
  }
}
